
Microsoft Visual Studio Solution File, Format Version 12.00
# Visual Studio Version 17
VisualStudioVersion = 17.7.34031.279
MinimumVisualStudioVersion = 10.0.40219.1
Project("{FAE04EC0-301F-11D3-BF4B-00C04F79EFBC}") = "OAuthVK", "OAuthVK\OAuthVK.csproj", "{05D676DE-61C8-477E-992D-63962E242303}"
EndProject
Global
	GlobalSection(SolutionConfigurationPlatforms) = preSolution
		Debug|Any CPU = Debug|Any CPU
		Release|Any CPU = Release|Any CPU
	EndGlobalSection
	GlobalSection(ProjectConfigurationPlatforms) = postSolution
		{05D676DE-61C8-477E-992D-63962E242303}.Debug|Any CPU.ActiveCfg = Debug|Any CPU
		{05D676DE-61C8-477E-992D-63962E242303}.Debug|Any CPU.Build.0 = Debug|Any CPU
		{05D676DE-61C8-477E-992D-63962E242303}.Release|Any CPU.ActiveCfg = Release|Any CPU
		{05D676DE-61C8-477E-992D-63962E242303}.Release|Any CPU.Build.0 = Release|Any CPU
	EndGlobalSection
	GlobalSection(SolutionProperties) = preSolution
		HideSolutionNode = FALSE
	EndGlobalSection
	GlobalSection(ExtensibilityGlobals) = postSolution
		SolutionGuid = {CE73B35A-5A98-433E-AE8C-2C7DDC5DDD14}
	EndGlobalSection
EndGlobal
